
Microsoft Visual Studio Solution File, Format Version 12.00
# Visual Studio Version 16
VisualStudioVersion = 16.0.31624.102
MinimumVisualStudioVersion = 10.0.40219.1
Project("{FAE04EC0-301F-11D3-BF4B-00C04F79EFBC}") = "FlappyBird", "FlappyBird\FlappyBird.csproj", "{ADF06D64-746E-4AEC-B16E-6EB736BB4A45}"
EndProject
Project("{2150E333-8FDC-42A3-9474-1A3956D46DE8}") = "Solution Items", "Solution Items", "{D443F808-3896-4313-AE6D-37B0C547F904}"
	ProjectSection(SolutionItems) = preProject
		.editorconfig = .editorconfig
	EndProjectSection
EndProject
Global
	GlobalSection(SolutionConfigurationPlatforms) = preSolution
		Debug|Any CPU = Debug|Any CPU
		Release|Any CPU = Release|Any CPU
	EndGlobalSection
	GlobalSection(ProjectConfigurationPlatforms) = postSolution
		{ADF06D64-746E-4AEC-B16E-6EB736BB4A45}.Debug|Any CPU.ActiveCfg = Debug|Any CPU
		{ADF06D64-746E-4AEC-B16E-6EB736BB4A45}.Debug|Any CPU.Build.0 = Debug|Any CPU
		{ADF06D64-746E-4AEC-B16E-6EB736BB4A45}.Release|Any CPU.ActiveCfg = Release|Any CPU
		{ADF06D64-746E-4AEC-B16E-6EB736BB4A45}.Release|Any CPU.Build.0 = Release|Any CPU
	EndGlobalSection
	GlobalSection(SolutionProperties) = preSolution
		HideSolutionNode = FALSE
	EndGlobalSection
	GlobalSection(ExtensibilityGlobals) = postSolution
		SolutionGuid = {C767236B-C31E-462C-99AF-911AFA9AE1F3}
	EndGlobalSection
EndGlobal
